
Microsoft Visual Studio Solution File, Format Version 12.00
# Visual Studio 14
VisualStudioVersion = 14.0.25420.1
MinimumVisualStudioVersion = 10.0.40219.1
Project("{2150E333-8FDC-42A3-9474-1A3956D46DE8}") = "Domain", "Domain", "{6F7FAFDC-6A34-44CB-AC20-4E9B5E24B415}"
EndProject
Project("{2150E333-8FDC-42A3-9474-1A3956D46DE8}") = "UnitTest", "UnitTest", "{E2895902-93D7-4754-BB69-8D2165789B69}"
EndProject
Project("{2150E333-8FDC-42A3-9474-1A3956D46DE8}") = "WebUI", "WebUI", "{07E09E69-30A7-40FC-ACDE-A090EDA9CB63}"
EndProject
Project("{FAE04EC0-301F-11D3-BF4B-00C04F79EFBC}") = "Domain", "Domian\Domain\Domain.csproj", "{D27CD127-285B-497C-A44D-58A929BF0F41}"
EndProject
Project("{FAE04EC0-301F-11D3-BF4B-00C04F79EFBC}") = "DressShopWebUI", "WebUI\DressShopWebUI\DressShopWebUI.csproj", "{F65AE202-2621-453E-97DE-A10AB36E07EE}"
EndProject
Global
	GlobalSection(SolutionConfigurationPlatforms) = preSolution
		Debug|Any CPU = Debug|Any CPU
		Release|Any CPU = Release|Any CPU
	EndGlobalSection
	GlobalSection(ProjectConfigurationPlatforms) = postSolution
		{D27CD127-285B-497C-A44D-58A929BF0F41}.Debug|Any CPU.ActiveCfg = Debug|Any CPU
		{D27CD127-285B-497C-A44D-58A929BF0F41}.Debug|Any CPU.Build.0 = Debug|Any CPU
		{D27CD127-285B-497C-A44D-58A929BF0F41}.Release|Any CPU.ActiveCfg = Release|Any CPU
		{D27CD127-285B-497C-A44D-58A929BF0F41}.Release|Any CPU.Build.0 = Release|Any CPU
		{F65AE202-2621-453E-97DE-A10AB36E07EE}.Debug|Any CPU.ActiveCfg = Debug|Any CPU
		{F65AE202-2621-453E-97DE-A10AB36E07EE}.Debug|Any CPU.Build.0 = Debug|Any CPU
		{F65AE202-2621-453E-97DE-A10AB36E07EE}.Release|Any CPU.ActiveCfg = Release|Any CPU
		{F65AE202-2621-453E-97DE-A10AB36E07EE}.Release|Any CPU.Build.0 = Release|Any CPU
	EndGlobalSection
	GlobalSection(SolutionProperties) = preSolution
		HideSolutionNode = FALSE
	EndGlobalSection
	GlobalSection(NestedProjects) = preSolution
		{D27CD127-285B-497C-A44D-58A929BF0F41} = {6F7FAFDC-6A34-44CB-AC20-4E9B5E24B415}
		{F65AE202-2621-453E-97DE-A10AB36E07EE} = {07E09E69-30A7-40FC-ACDE-A090EDA9CB63}
	EndGlobalSection
EndGlobal
